// !$*UTF8*$!
{
	archiveVersion = 1;
	classes = {
	};
	objectVersion = 46;
	objects = {

/* Begin PBXBuildFile section */
		2F0F879019AD841C00F1B81A /* Reachability.m in Sources */ = {isa = PBXBuildFile; fileRef = 2F0F878F19AD841B00F1B81A /* Reachability.m */; };
		2F0F879219AD848C00F1B81A /* SystemConfiguration.framework in Frameworks */ = {isa = PBXBuildFile; fileRef = 2F0F879119AD848C00F1B81A /* SystemConfiguration.framework */; };
		2F1DC4DF19BF42710064D32F /* UIWindow+VisibleVIewController.m in Sources */ = {isa = PBXBuildFile; fileRef = 2F1DC4DE19BF42710064D32F /* UIWindow+VisibleVIewController.m */; };
		2F54D0E419BE00C900D1F64C /* AKParliamentary.m in Sources */ = {isa = PBXBuildFile; fileRef = 2F54D0E319BE00C900D1F64C /* AKParliamentary.m */; };
		2F54D0E719BE1A1D00D1F64C /* AKGenericDao.m in Sources */ = {isa = PBXBuildFile; fileRef = 2F54D0E619BE1A1D00D1F64C /* AKGenericDao.m */; };
		2F54D0EA19BE3CEA00D1F64C /* NSManagedObject+PerformOnMOCThread.m in Sources */ = {isa = PBXBuildFile; fileRef = 2F54D0E919BE3CEA00D1F64C /* NSManagedObject+PerformOnMOCThread.m */; };
		2F580CEC19B047EE00605544 /* Levi-Strauss.ttf in Resources */ = {isa = PBXBuildFile; fileRef = 2F580CEB19B047EE00605544 /* Levi-Strauss.ttf */; };
		2F7343C319A532AE00FBE2E0 /* AKFilterOptionCollectionViewCell.m in Sources */ = {isa = PBXBuildFile; fileRef = 2F7343C219A532AE00FBE2E0 /* AKFilterOptionCollectionViewCell.m */; };
		2F7343C719A5401900FBE2E0 /* AKFilterOptionCollectionViewCell.xib in Resources */ = {isa = PBXBuildFile; fileRef = 2F7343C619A5401900FBE2E0 /* AKFilterOptionCollectionViewCell.xib */; };
		2F7FAFF419993D85006C7A15 /* AKMainListViewController.xib in Resources */ = {isa = PBXBuildFile; fileRef = 2F7FAFF319993D85006C7A15 /* AKMainListViewController.xib */; };
		2F8A67EB19B69140008EDABE /* PTM55FT.ttf in Resources */ = {isa = PBXBuildFile; fileRef = 2F8A67E719B69140008EDABE /* PTM55FT.ttf */; };
		2F8A67EC19B69140008EDABE /* SIL Open Font License.txt in Resources */ = {isa = PBXBuildFile; fileRef = 2F8A67E819B69140008EDABE /* SIL Open Font License.txt */; };
		2F8A67F219B692AC008EDABE /* pt-mono-bold.ttf in Resources */ = {isa = PBXBuildFile; fileRef = 2F8A67F119B692AC008EDABE /* pt-mono-bold.ttf */; };
		2F8A67F419B694C0008EDABE /* UIFont+IBCustomFonts.m in Sources */ = {isa = PBXBuildFile; fileRef = 2F8A67F319B694C0008EDABE /* UIFont+IBCustomFonts.m */; };
		2F8EDB0019A7B7D4006D159F /* QuartzCore.framework in Frameworks */ = {isa = PBXBuildFile; fileRef = 2F8EDAFF19A7B7D4006D159F /* QuartzCore.framework */; };
		2F8EDB0C19A7BB87006D159F /* AKQuotaDetailViewController.m in Sources */ = {isa = PBXBuildFile; fileRef = 2F8EDB0A19A7BB87006D159F /* AKQuotaDetailViewController.m */; };
		2F8EDB0D19A7BB87006D159F /* AKQuotaDetailViewController.xib in Resources */ = {isa = PBXBuildFile; fileRef = 2F8EDB0B19A7BB87006D159F /* AKQuotaDetailViewController.xib */; };
		2F8EDBB719A7E004006D159F /* libCorePlot-CocoaTouch.a in Frameworks */ = {isa = PBXBuildFile; fileRef = 2F8EDBB619A7E004006D159F /* libCorePlot-CocoaTouch.a */; };
		2F9054A919AFC47C0055CFCC /* Social.framework in Frameworks */ = {isa = PBXBuildFile; fileRef = 2F9054A819AFC47C0055CFCC /* Social.framework */; };
		2F9054AC19AFC7250055CFCC /* UIView+ImageFromView.m in Sources */ = {isa = PBXBuildFile; fileRef = 2F9054AB19AFC7250055CFCC /* UIView+ImageFromView.m */; };
		2F99E77819B0BD0F00CCBA77 /* elect___.ttf in Resources */ = {isa = PBXBuildFile; fileRef = 2F99E77719B0BD0F00CCBA77 /* elect___.ttf */; };
		2FB6FA2D19AB9B8900D3736E /* AKWebServiceConsumer.m in Sources */ = {isa = PBXBuildFile; fileRef = 2FB6FA2C19AB9B8900D3736E /* AKWebServiceConsumer.m */; };
		2FB6FA4319AD019800D3736E /* MBProgressHUD.m in Sources */ = {isa = PBXBuildFile; fileRef = 2FB6FA4219AD019800D3736E /* MBProgressHUD.m */; };
		2FB6FA4C19AD2A3000D3736E /* AKQuota.m in Sources */ = {isa = PBXBuildFile; fileRef = 2FB6FA4B19AD2A3000D3736E /* AKQuota.m */; };
		2FB6FA4E19AD405700D3736E /* pumagaffer.ttf in Resources */ = {isa = PBXBuildFile; fileRef = 2FB6FA4D19AD405700D3736E /* pumagaffer.ttf */; };
		2FB6FA5119AD40DB00D3736E /* UIFont+SystemFontOverride.m in Sources */ = {isa = PBXBuildFile; fileRef = 2FB6FA5019AD40DB00D3736E /* UIFont+SystemFontOverride.m */; };
		2FC2C822199C2311008FEF40 /* AKSettingsManager.m in Sources */ = {isa = PBXBuildFile; fileRef = 2FC2C821199C2311008FEF40 /* AKSettingsManager.m */; };
		2FC5105919A4E35B0036269F /* AKFilterOptionsView.m in Sources */ = {isa = PBXBuildFile; fileRef = 2FC5105819A4E35B0036269F /* AKFilterOptionsView.m */; };
		2FC5105C19A4F83E0036269F /* AKFilterOptionsUpperTriangleView.m in Sources */ = {isa = PBXBuildFile; fileRef = 2FC5105B19A4F83E0036269F /* AKFilterOptionsUpperTriangleView.m */; };
		2FCEDE411993EBA0003522E8 /* AKMainListViewController.m in Sources */ = {isa = PBXBuildFile; fileRef = 2FCEDE3F1993EBA0003522E8 /* AKMainListViewController.m */; };
		2FCEDE461993F106003522E8 /* AKToolBar.m in Sources */ = {isa = PBXBuildFile; fileRef = 2FCEDE451993F106003522E8 /* AKToolBar.m */; };
		2FCEDE4A1993F1B7003522E8 /* AKToolBar.xib in Resources */ = {isa = PBXBuildFile; fileRef = 2FCEDE491993F1B7003522E8 /* AKToolBar.xib */; };
		2FCEDE511994016F003522E8 /* AKUtil.m in Sources */ = {isa = PBXBuildFile; fileRef = 2FCEDE501994016F003522E8 /* AKUtil.m */; };
		2FD83753199D4CCE00517D34 /* akan_settings.plist in Resources */ = {isa = PBXBuildFile; fileRef = 2FD83752199D4CCE00517D34 /* akan_settings.plist */; };
		8E00170D19A51E7A00CB0351 /* AKLandscapeDetailViewController.xib in Resources */ = {isa = PBXBuildFile; fileRef = 8E00170C19A51E7A00CB0351 /* AKLandscapeDetailViewController.xib */; };
		8E00F2F319954B430030A52F /* AKParliamentaryDao.m in Sources */ = {isa = PBXBuildFile; fileRef = 8E00F2F219954B430030A52F /* AKParliamentaryDao.m */; };
		8E00F2F8199551850030A52F /* AKQuotaCollectionViewCell.m in Sources */ = {isa = PBXBuildFile; fileRef = 8E00F2F6199551850030A52F /* AKQuotaCollectionViewCell.m */; };
		8E00F2F9199551850030A52F /* AKQuotaCollectionViewCell.xib in Resources */ = {isa = PBXBuildFile; fileRef = 8E00F2F7199551850030A52F /* AKQuotaCollectionViewCell.xib */; };
		8E00F304199559F00030A52F /* AKInfoViewController.m in Sources */ = {isa = PBXBuildFile; fileRef = 8E00F302199559F00030A52F /* AKInfoViewController.m */; };
		8E00F305199559F00030A52F /* AKInfoViewController.xib in Resources */ = {isa = PBXBuildFile; fileRef = 8E00F303199559F00030A52F /* AKInfoViewController.xib */; };
		8E00F30819955CD20030A52F /* AKQuotaDao.m in Sources */ = {isa = PBXBuildFile; fileRef = 8E00F30719955CD20030A52F /* AKQuotaDao.m */; };
		8E14E1E0199BEFBC00D77CF6 /* AKConfigViewController.m in Sources */ = {isa = PBXBuildFile; fileRef = 8E14E1DE199BEFBC00D77CF6 /* AKConfigViewController.m */; };
		8E14E1E1199BEFBC00D77CF6 /* AKConfigViewController.xib in Resources */ = {isa = PBXBuildFile; fileRef = 8E14E1DF199BEFBC00D77CF6 /* AKConfigViewController.xib */; };
		8E4A197319AE5BEE00CCDF82 /* AKStatisticDao.m in Sources */ = {isa = PBXBuildFile; fileRef = 8E4A197219AE5BEE00CCDF82 /* AKStatisticDao.m */; };
		8E4A197619AE5CF500CCDF82 /* AKStatistic.m in Sources */ = {isa = PBXBuildFile; fileRef = 8E4A197519AE5CF500CCDF82 /* AKStatistic.m */; };
		8EAFA83B1986C44F00E58AD9 /* Foundation.framework in Frameworks */ = {isa = PBXBuildFile; fileRef = 8EAFA83A1986C44F00E58AD9 /* Foundation.framework */; };
		8EAFA83D1986C44F00E58AD9 /* CoreGraphics.framework in Frameworks */ = {isa = PBXBuildFile; fileRef = 8EAFA83C1986C44F00E58AD9 /* CoreGraphics.framework */; };
		8EAFA83F1986C44F00E58AD9 /* UIKit.framework in Frameworks */ = {isa = PBXBuildFile; fileRef = 8EAFA83E1986C44F00E58AD9 /* UIKit.framework */; };
		8EAFA8411986C44F00E58AD9 /* CoreData.framework in Frameworks */ = {isa = PBXBuildFile; fileRef = 8EAFA8401986C44F00E58AD9 /* CoreData.framework */; };
		8EAFA8471986C44F00E58AD9 /* InfoPlist.strings in Resources */ = {isa = PBXBuildFile; fileRef = 8EAFA8451986C44F00E58AD9 /* InfoPlist.strings */; };
		8EAFA8491986C44F00E58AD9 /* main.m in Sources */ = {isa = PBXBuildFile; fileRef = 8EAFA8481986C44F00E58AD9 /* main.m */; };
		8EAFA84D1986C44F00E58AD9 /* AKAppDelegate.m in Sources */ = {isa = PBXBuildFile; fileRef = 8EAFA84C1986C44F00E58AD9 /* AKAppDelegate.m */; };
		8EAFA8501986C44F00E58AD9 /* AKANiOS.xcdatamodeld in Sources */ = {isa = PBXBuildFile; fileRef = 8EAFA84E1986C44F00E58AD9 /* AKANiOS.xcdatamodeld */; };
		8EAFA8521986C44F00E58AD9 /* Images.xcassets in Resources */ = {isa = PBXBuildFile; fileRef = 8EAFA8511986C44F00E58AD9 /* Images.xcassets */; };
		8EAFA8591986C44F00E58AD9 /* XCTest.framework in Frameworks */ = {isa = PBXBuildFile; fileRef = 8EAFA8581986C44F00E58AD9 /* XCTest.framework */; };
		8EAFA85A1986C44F00E58AD9 /* Foundation.framework in Frameworks */ = {isa = PBXBuildFile; fileRef = 8EAFA83A1986C44F00E58AD9 /* Foundation.framework */; };
		8EAFA85B1986C44F00E58AD9 /* UIKit.framework in Frameworks */ = {isa = PBXBuildFile; fileRef = 8EAFA83E1986C44F00E58AD9 /* UIKit.framework */; };
		8EAFA85C1986C44F00E58AD9 /* CoreData.framework in Frameworks */ = {isa = PBXBuildFile; fileRef = 8EAFA8401986C44F00E58AD9 /* CoreData.framework */; };
		8EAFA8641986C44F00E58AD9 /* InfoPlist.strings in Resources */ = {isa = PBXBuildFile; fileRef = 8EAFA8621986C44F00E58AD9 /* InfoPlist.strings */; };
		8EAFA8661986C44F00E58AD9 /* AKANiOSTests.m in Sources */ = {isa = PBXBuildFile; fileRef = 8EAFA8651986C44F00E58AD9 /* AKANiOSTests.m */; };
		8EF43B8F19AD16CF00089B04 /* AKCurvedScatterPlot.m in Sources */ = {isa = PBXBuildFile; fileRef = 8EF43B8E19AD16CF00089B04 /* AKCurvedScatterPlot.m */; };
		E9851B9D198F2EF600A2280B /* AKMainTableViewCell.m in Sources */ = {isa = PBXBuildFile; fileRef = E9851B9B198F2EF600A2280B /* AKMainTableViewCell.m */; };
		E9851B9E198F2EF600A2280B /* AKMainTableViewCell.xib in Resources */ = {isa = PBXBuildFile; fileRef = E9851B9C198F2EF600A2280B /* AKMainTableViewCell.xib */; };
		E99D1E8C1990120600564688 /* AKDetailViewController.m in Sources */ = {isa = PBXBuildFile; fileRef = E99D1E8A1990120600564688 /* AKDetailViewController.m */; };
		E99D1E8D1990120600564688 /* AKPortraitDetailViewController.xib in Resources */ = {isa = PBXBuildFile; fileRef = E99D1E8B1990120600564688 /* AKPortraitDetailViewController.xib */; };
/* End PBXBuildFile section */

/* Begin PBXContainerItemProxy section */
		8EAFA85D1986C44F00E58AD9 /* PBXContainerItemProxy */ = {
			isa = PBXContainerItemProxy;
			containerPortal = 8EAFA82F1986C44F00E58AD9 /* Project object */;
			proxyType = 1;
			remoteGlobalIDString = 8EAFA8361986C44F00E58AD9;
			remoteInfo = AKANiOS;
		};
/* End PBXContainerItemProxy section */

/* Begin PBXFileReference section */
		2F0F878E19AD841B00F1B81A /* Reachability.h */ = {isa = PBXFileReference; fileEncoding = 4; lastKnownFileType = sourcecode.c.h; path = Reachability.h; sourceTree = "<group>"; };
		2F0F878F19AD841B00F1B81A /* Reachability.m */ = {isa = PBXFileReference; fileEncoding = 4; lastKnownFileType = sourcecode.c.objc; path = Reachability.m; sourceTree = "<group>"; };
		2F0F879119AD848C00F1B81A /* SystemConfiguration.framework */ = {isa = PBXFileReference; lastKnownFileType = wrapper.framework; name = SystemConfiguration.framework; path = System/Library/Frameworks/SystemConfiguration.framework; sourceTree = SDKROOT; };
		2F1DC4DD19BF42710064D32F /* UIWindow+VisibleVIewController.h */ = {isa = PBXFileReference; fileEncoding = 4; lastKnownFileType = sourcecode.c.h; path = "UIWindow+VisibleVIewController.h"; sourceTree = "<group>"; };
		2F1DC4DE19BF42710064D32F /* UIWindow+VisibleVIewController.m */ = {isa = PBXFileReference; fileEncoding = 4; lastKnownFileType = sourcecode.c.objc; path = "UIWindow+VisibleVIewController.m"; sourceTree = "<group>"; };
		2F54D0E219BE00C900D1F64C /* AKParliamentary.h */ = {isa = PBXFileReference; fileEncoding = 4; lastKnownFileType = sourcecode.c.h; path = AKParliamentary.h; sourceTree = "<group>"; };
		2F54D0E319BE00C900D1F64C /* AKParliamentary.m */ = {isa = PBXFileReference; fileEncoding = 4; lastKnownFileType = sourcecode.c.objc; path = AKParliamentary.m; sourceTree = "<group>"; };
		2F54D0E519BE1A1D00D1F64C /* AKGenericDao.h */ = {isa = PBXFileReference; fileEncoding = 4; lastKnownFileType = sourcecode.c.h; path = AKGenericDao.h; sourceTree = "<group>"; };
		2F54D0E619BE1A1D00D1F64C /* AKGenericDao.m */ = {isa = PBXFileReference; fileEncoding = 4; lastKnownFileType = sourcecode.c.objc; path = AKGenericDao.m; sourceTree = "<group>"; };
		2F54D0E819BE3CEA00D1F64C /* NSManagedObject+PerformOnMOCThread.h */ = {isa = PBXFileReference; fileEncoding = 4; lastKnownFileType = sourcecode.c.h; path = "NSManagedObject+PerformOnMOCThread.h"; sourceTree = "<group>"; };
		2F54D0E919BE3CEA00D1F64C /* NSManagedObject+PerformOnMOCThread.m */ = {isa = PBXFileReference; fileEncoding = 4; lastKnownFileType = sourcecode.c.objc; path = "NSManagedObject+PerformOnMOCThread.m"; sourceTree = "<group>"; };
		2F580CEB19B047EE00605544 /* Levi-Strauss.ttf */ = {isa = PBXFileReference; lastKnownFileType = file; path = "Levi-Strauss.ttf"; sourceTree = "<group>"; };
		2F7343C119A532AE00FBE2E0 /* AKFilterOptionCollectionViewCell.h */ = {isa = PBXFileReference; fileEncoding = 4; lastKnownFileType = sourcecode.c.h; path = AKFilterOptionCollectionViewCell.h; sourceTree = "<group>"; };
		2F7343C219A532AE00FBE2E0 /* AKFilterOptionCollectionViewCell.m */ = {isa = PBXFileReference; fileEncoding = 4; lastKnownFileType = sourcecode.c.objc; path = AKFilterOptionCollectionViewCell.m; sourceTree = "<group>"; };
		2F7343C619A5401900FBE2E0 /* AKFilterOptionCollectionViewCell.xib */ = {isa = PBXFileReference; fileEncoding = 4; lastKnownFileType = file.xib; path = AKFilterOptionCollectionViewCell.xib; sourceTree = "<group>"; };
		2F7FAFF319993D85006C7A15 /* AKMainListViewController.xib */ = {isa = PBXFileReference; fileEncoding = 4; lastKnownFileType = file.xib; path = AKMainListViewController.xib; sourceTree = "<group>"; };
		2F8A67E719B69140008EDABE /* PTM55FT.ttf */ = {isa = PBXFileReference; lastKnownFileType = file; path = PTM55FT.ttf; sourceTree = "<group>"; };
		2F8A67E819B69140008EDABE /* SIL Open Font License.txt */ = {isa = PBXFileReference; fileEncoding = 4; lastKnownFileType = text; path = "SIL Open Font License.txt"; sourceTree = "<group>"; };
		2F8A67F119B692AC008EDABE /* pt-mono-bold.ttf */ = {isa = PBXFileReference; lastKnownFileType = file; path = "pt-mono-bold.ttf"; sourceTree = "<group>"; };
		2F8A67F319B694C0008EDABE /* UIFont+IBCustomFonts.m */ = {isa = PBXFileReference; fileEncoding = 4; lastKnownFileType = sourcecode.c.objc; path = "UIFont+IBCustomFonts.m"; sourceTree = "<group>"; };
		2F8EDAFD19A7B7BE006D159F /* Accelerate.framework */ = {isa = PBXFileReference; lastKnownFileType = wrapper.framework; name = Accelerate.framework; path = System/Library/Frameworks/Accelerate.framework; sourceTree = SDKROOT; };
		2F8EDAFF19A7B7D4006D159F /* QuartzCore.framework */ = {isa = PBXFileReference; lastKnownFileType = wrapper.framework; name = QuartzCore.framework; path = System/Library/Frameworks/QuartzCore.framework; sourceTree = SDKROOT; };
		2F8EDB0919A7BB87006D159F /* AKQuotaDetailViewController.h */ = {isa = PBXFileReference; fileEncoding = 4; lastKnownFileType = sourcecode.c.h; path = AKQuotaDetailViewController.h; sourceTree = "<group>"; };
		2F8EDB0A19A7BB87006D159F /* AKQuotaDetailViewController.m */ = {isa = PBXFileReference; fileEncoding = 4; lastKnownFileType = sourcecode.c.objc; path = AKQuotaDetailViewController.m; sourceTree = "<group>"; };
		2F8EDB0B19A7BB87006D159F /* AKQuotaDetailViewController.xib */ = {isa = PBXFileReference; fileEncoding = 4; lastKnownFileType = file.xib; path = AKQuotaDetailViewController.xib; sourceTree = "<group>"; };
		2F8EDB6819A7E004006D159F /* CorePlot-CocoaTouch.h */ = {isa = PBXFileReference; fileEncoding = 4; lastKnownFileType = sourcecode.c.h; path = "CorePlot-CocoaTouch.h"; sourceTree = "<group>"; };
		2F8EDB6919A7E004006D159F /* CPTAnimation.h */ = {isa = PBXFileReference; fileEncoding = 4; lastKnownFileType = sourcecode.c.h; path = CPTAnimation.h; sourceTree = "<group>"; };
		2F8EDB6A19A7E004006D159F /* CPTAnimationOperation.h */ = {isa = PBXFileReference; fileEncoding = 4; lastKnownFileType = sourcecode.c.h; path = CPTAnimationOperation.h; sourceTree = "<group>"; };
		2F8EDB6B19A7E004006D159F /* CPTAnimationPeriod.h */ = {isa = PBXFileReference; fileEncoding = 4; lastKnownFileType = sourcecode.c.h; path = CPTAnimationPeriod.h; sourceTree = "<group>"; };
		2F8EDB6C19A7E004006D159F /* CPTAnnotation.h */ = {isa = PBXFileReference; fileEncoding = 4; lastKnownFileType = sourcecode.c.h; path = CPTAnnotation.h; sourceTree = "<group>"; };
		2F8EDB6D19A7E004006D159F /* CPTAnnotationHostLayer.h */ = {isa = PBXFileReference; fileEncoding = 4; lastKnownFileType = sourcecode.c.h; path = CPTAnnotationHostLayer.h; sourceTree = "<group>"; };
		2F8EDB6E19A7E004006D159F /* CPTAxis.h */ = {isa = PBXFileReference; fileEncoding = 4; lastKnownFileType = sourcecode.c.h; path = CPTAxis.h; sourceTree = "<group>"; };
		2F8EDB6F19A7E004006D159F /* CPTAxisLabel.h */ = {isa = PBXFileReference; fileEncoding = 4; lastKnownFileType = sourcecode.c.h; path = CPTAxisLabel.h; sourceTree = "<group>"; };
		2F8EDB7019A7E004006D159F /* CPTAxisLabelGroup.h */ = {isa = PBXFileReference; fileEncoding = 4; lastKnownFileType = sourcecode.c.h; path = CPTAxisLabelGroup.h; sourceTree = "<group>"; };
		2F8EDB7119A7E004006D159F /* CPTAxisSet.h */ = {isa = PBXFileReference; fileEncoding = 4; lastKnownFileType = sourcecode.c.h; path = CPTAxisSet.h; sourceTree = "<group>"; };
		2F8EDB7219A7E004006D159F /* CPTAxisTitle.h */ = {isa = PBXFileReference; fileEncoding = 4; lastKnownFileType = sourcecode.c.h; path = CPTAxisTitle.h; sourceTree = "<group>"; };
		2F8EDB7319A7E004006D159F /* CPTBarPlot.h */ = {isa = PBXFileReference; fileEncoding = 4; lastKnownFileType = sourcecode.c.h; path = CPTBarPlot.h; sourceTree = "<group>"; };
		2F8EDB7419A7E004006D159F /* CPTBorderedLayer.h */ = {isa = PBXFileReference; fileEncoding = 4; lastKnownFileType = sourcecode.c.h; path = CPTBorderedLayer.h; sourceTree = "<group>"; };
		2F8EDB7519A7E004006D159F /* CPTCalendarFormatter.h */ = {isa = PBXFileReference; fileEncoding = 4; lastKnownFileType = sourcecode.c.h; path = CPTCalendarFormatter.h; sourceTree = "<group>"; };
		2F8EDB7619A7E004006D159F /* CPTColor.h */ = {isa = PBXFileReference; fileEncoding = 4; lastKnownFileType = sourcecode.c.h; path = CPTColor.h; sourceTree = "<group>"; };
		2F8EDB7719A7E004006D159F /* CPTColorSpace.h */ = {isa = PBXFileReference; fileEncoding = 4; lastKnownFileType = sourcecode.c.h; path = CPTColorSpace.h; sourceTree = "<group>"; };
		2F8EDB7819A7E004006D159F /* CPTConstraints.h */ = {isa = PBXFileReference; fileEncoding = 4; lastKnownFileType = sourcecode.c.h; path = CPTConstraints.h; sourceTree = "<group>"; };
		2F8EDB7919A7E004006D159F /* CPTDataSourceTestCase.h */ = {isa = PBXFileReference; fileEncoding = 4; lastKnownFileType = sourcecode.c.h; path = CPTDataSourceTestCase.h; sourceTree = "<group>"; };
		2F8EDB7A19A7E004006D159F /* CPTDefinitions.h */ = {isa = PBXFileReference; fileEncoding = 4; lastKnownFileType = sourcecode.c.h; path = CPTDefinitions.h; sourceTree = "<group>"; };
		2F8EDB7B19A7E004006D159F /* CPTDerivedXYGraph.h */ = {isa = PBXFileReference; fileEncoding = 4; lastKnownFileType = sourcecode.c.h; path = CPTDerivedXYGraph.h; sourceTree = "<group>"; };
		2F8EDB7C19A7E004006D159F /* CPTExceptions.h */ = {isa = PBXFileReference; fileEncoding = 4; lastKnownFileType = sourcecode.c.h; path = CPTExceptions.h; sourceTree = "<group>"; };
		2F8EDB7D19A7E004006D159F /* CPTFill.h */ = {isa = PBXFileReference; fileEncoding = 4; lastKnownFileType = sourcecode.c.h; path = CPTFill.h; sourceTree = "<group>"; };
		2F8EDB7E19A7E004006D159F /* CPTFunctionDataSource.h */ = {isa = PBXFileReference; fileEncoding = 4; lastKnownFileType = sourcecode.c.h; path = CPTFunctionDataSource.h; sourceTree = "<group>"; };
		2F8EDB7F19A7E004006D159F /* CPTGradient.h */ = {isa = PBXFileReference; fileEncoding = 4; lastKnownFileType = sourcecode.c.h; path = CPTGradient.h; sourceTree = "<group>"; };
		2F8EDB8019A7E004006D159F /* CPTGraph.h */ = {isa = PBXFileReference; fileEncoding = 4; lastKnownFileType = sourcecode.c.h; path = CPTGraph.h; sourceTree = "<group>"; };
		2F8EDB8119A7E004006D159F /* CPTGraphHostingView.h */ = {isa = PBXFileReference; fileEncoding = 4; lastKnownFileType = sourcecode.c.h; path = CPTGraphHostingView.h; sourceTree = "<group>"; };
		2F8EDB8219A7E004006D159F /* CPTGridLineGroup.h */ = {isa = PBXFileReference; fileEncoding = 4; lastKnownFileType = sourcecode.c.h; path = CPTGridLineGroup.h; sourceTree = "<group>"; };
		2F8EDB8319A7E004006D159F /* CPTGridLines.h */ = {isa = PBXFileReference; fileEncoding = 4; lastKnownFileType = sourcecode.c.h; path = CPTGridLines.h; sourceTree = "<group>"; };
		2F8EDB8419A7E004006D159F /* CPTImage.h */ = {isa = PBXFileReference; fileEncoding = 4; lastKnownFileType = sourcecode.c.h; path = CPTImage.h; sourceTree = "<group>"; };
		2F8EDB8519A7E004006D159F /* CPTLayer.h */ = {isa = PBXFileReference; fileEncoding = 4; lastKnownFileType = sourcecode.c.h; path = CPTLayer.h; sourceTree = "<group>"; };
		2F8EDB8619A7E004006D159F /* CPTLayerAnnotation.h */ = {isa = PBXFileReference; fileEncoding = 4; lastKnownFileType = sourcecode.c.h; path = CPTLayerAnnotation.h; sourceTree = "<group>"; };
		2F8EDB8719A7E004006D159F /* CPTLegend.h */ = {isa = PBXFileReference; fileEncoding = 4; lastKnownFileType = sourcecode.c.h; path = CPTLegend.h; sourceTree = "<group>"; };
		2F8EDB8819A7E004006D159F /* CPTLegendEntry.h */ = {isa = PBXFileReference; fileEncoding = 4; lastKnownFileType = sourcecode.c.h; path = CPTLegendEntry.h; sourceTree = "<group>"; };
		2F8EDB8919A7E004006D159F /* CPTLimitBand.h */ = {isa = PBXFileReference; fileEncoding = 4; lastKnownFileType = sourcecode.c.h; path = CPTLimitBand.h; sourceTree = "<group>"; };
		2F8EDB8A19A7E004006D159F /* CPTLineCap.h */ = {isa = PBXFileReference; fileEncoding = 4; lastKnownFileType = sourcecode.c.h; path = CPTLineCap.h; sourceTree = "<group>"; };
		2F8EDB8B19A7E004006D159F /* CPTLineStyle.h */ = {isa = PBXFileReference; fileEncoding = 4; lastKnownFileType = sourcecode.c.h; path = CPTLineStyle.h; sourceTree = "<group>"; };
		2F8EDB8C19A7E004006D159F /* CPTMutableLineStyle.h */ = {isa = PBXFileReference; fileEncoding = 4; lastKnownFileType = sourcecode.c.h; path = CPTMutableLineStyle.h; sourceTree = "<group>"; };
		2F8EDB8D19A7E004006D159F /* CPTMutableNumericData+TypeConversion.h */ = {isa = PBXFileReference; fileEncoding = 4; lastKnownFileType = sourcecode.c.h; path = "CPTMutableNumericData+TypeConversion.h"; sourceTree = "<group>"; };
		2F8EDB8E19A7E004006D159F /* CPTMutableNumericData.h */ = {isa = PBXFileReference; fileEncoding = 4; lastKnownFileType = sourcecode.c.h; path = CPTMutableNumericData.h; sourceTree = "<group>"; };
		2F8EDB8F19A7E004006D159F /* CPTMutablePlotRange.h */ = {isa = PBXFileReference; fileEncoding = 4; lastKnownFileType = sourcecode.c.h; path = CPTMutablePlotRange.h; sourceTree = "<group>"; };
		2F8EDB9019A7E004006D159F /* CPTMutableShadow.h */ = {isa = PBXFileReference; fileEncoding = 4; lastKnownFileType = sourcecode.c.h; path = CPTMutableShadow.h; sourceTree = "<group>"; };
		2F8EDB9119A7E004006D159F /* CPTMutableTextStyle.h */ = {isa = PBXFileReference; fileEncoding = 4; lastKnownFileType = sourcecode.c.h; path = CPTMutableTextStyle.h; sourceTree = "<group>"; };
		2F8EDB9219A7E004006D159F /* CPTNumericData+TypeConversion.h */ = {isa = PBXFileReference; fileEncoding = 4; lastKnownFileType = sourcecode.c.h; path = "CPTNumericData+TypeConversion.h"; sourceTree = "<group>"; };
		2F8EDB9319A7E004006D159F /* CPTNumericData.h */ = {isa = PBXFileReference; fileEncoding = 4; lastKnownFileType = sourcecode.c.h; path = CPTNumericData.h; sourceTree = "<group>"; };
		2F8EDB9419A7E004006D159F /* CPTNumericDataType.h */ = {isa = PBXFileReference; fileEncoding = 4; lastKnownFileType = sourcecode.c.h; path = CPTNumericDataType.h; sourceTree = "<group>"; };
		2F8EDB9519A7E004006D159F /* CPTPathExtensions.h */ = {isa = PBXFileReference; fileEncoding = 4; lastKnownFileType = sourcecode.c.h; path = CPTPathExtensions.h; sourceTree = "<group>"; };
		2F8EDB9619A7E004006D159F /* CPTPieChart.h */ = {isa = PBXFileReference; fileEncoding = 4; lastKnownFileType = sourcecode.c.h; path = CPTPieChart.h; sourceTree = "<group>"; };
		2F8EDB9719A7E004006D159F /* CPTPlatformSpecificCategories.h */ = {isa = PBXFileReference; fileEncoding = 4; lastKnownFileType = sourcecode.c.h; path = CPTPlatformSpecificCategories.h; sourceTree = "<group>"; };
		2F8EDB9819A7E004006D159F /* CPTPlatformSpecificDefines.h */ = {isa = PBXFileReference; fileEncoding = 4; lastKnownFileType = sourcecode.c.h; path = CPTPlatformSpecificDefines.h; sourceTree = "<group>"; };
		2F8EDB9919A7E004006D159F /* CPTPlatformSpecificFunctions.h */ = {isa = PBXFileReference; fileEncoding = 4; lastKnownFileType = sourcecode.c.h; path = CPTPlatformSpecificFunctions.h; sourceTree = "<group>"; };
		2F8EDB9A19A7E004006D159F /* CPTPlot.h */ = {isa = PBXFileReference; fileEncoding = 4; lastKnownFileType = sourcecode.c.h; path = CPTPlot.h; sourceTree = "<group>"; };
		2F8EDB9B19A7E004006D159F /* CPTPlotArea.h */ = {isa = PBXFileReference; fileEncoding = 4; lastKnownFileType = sourcecode.c.h; path = CPTPlotArea.h; sourceTree = "<group>"; };
		2F8EDB9C19A7E004006D159F /* CPTPlotAreaFrame.h */ = {isa = PBXFileReference; fileEncoding = 4; lastKnownFileType = sourcecode.c.h; path = CPTPlotAreaFrame.h; sourceTree = "<group>"; };
		2F8EDB9D19A7E004006D159F /* CPTPlotGroup.h */ = {isa = PBXFileReference; fileEncoding = 4; lastKnownFileType = sourcecode.c.h; path = CPTPlotGroup.h; sourceTree = "<group>"; };
		2F8EDB9E19A7E004006D159F /* CPTPlotRange.h */ = {isa = PBXFileReference; fileEncoding = 4; lastKnownFileType = sourcecode.c.h; path = CPTPlotRange.h; sourceTree = "<group>"; };
		2F8EDB9F19A7E004006D159F /* CPTPlotSpace.h */ = {isa = PBXFileReference; fileEncoding = 4; lastKnownFileType = sourcecode.c.h; path = CPTPlotSpace.h; sourceTree = "<group>"; };
		2F8EDBA019A7E004006D159F /* CPTPlotSpaceAnnotation.h */ = {isa = PBXFileReference; fileEncoding = 4; lastKnownFileType = sourcecode.c.h; path = CPTPlotSpaceAnnotation.h; sourceTree = "<group>"; };
		2F8EDBA119A7E004006D159F /* CPTPlotSymbol.h */ = {isa = PBXFileReference; fileEncoding = 4; lastKnownFileType = sourcecode.c.h; path = CPTPlotSymbol.h; sourceTree = "<group>"; };
		2F8EDBA219A7E004006D159F /* CPTRangePlot.h */ = {isa = PBXFileReference; fileEncoding = 4; lastKnownFileType = sourcecode.c.h; path = CPTRangePlot.h; sourceTree = "<group>"; };
		2F8EDBA319A7E004006D159F /* CPTResponder.h */ = {isa = PBXFileReference; fileEncoding = 4; lastKnownFileType = sourcecode.c.h; path = CPTResponder.h; sourceTree = "<group>"; };
		2F8EDBA419A7E004006D159F /* CPTScatterPlot.h */ = {isa = PBXFileReference; fileEncoding = 4; lastKnownFileType = sourcecode.c.h; path = CPTScatterPlot.h; sourceTree = "<group>"; };
		2F8EDBA519A7E004006D159F /* CPTShadow.h */ = {isa = PBXFileReference; fileEncoding = 4; lastKnownFileType = sourcecode.c.h; path = CPTShadow.h; sourceTree = "<group>"; };
		2F8EDBA619A7E004006D159F /* CPTTestCase.h */ = {isa = PBXFileReference; fileEncoding = 4; lastKnownFileType = sourcecode.c.h; path = CPTTestCase.h; sourceTree = "<group>"; };
		2F8EDBA719A7E004006D159F /* CPTTextLayer.h */ = {isa = PBXFileReference; fileEncoding = 4; lastKnownFileType = sourcecode.c.h; path = CPTTextLayer.h; sourceTree = "<group>"; };
		2F8EDBA819A7E004006D159F /* CPTTextStyle.h */ = {isa = PBXFileReference; fileEncoding = 4; lastKnownFileType = sourcecode.c.h; path = CPTTextStyle.h; sourceTree = "<group>"; };
		2F8EDBA919A7E004006D159F /* CPTTextStylePlatformSpecific.h */ = {isa = PBXFileReference; fileEncoding = 4; lastKnownFileType = sourcecode.c.h; path = CPTTextStylePlatformSpecific.h; sourceTree = "<group>"; };
		2F8EDBAA19A7E004006D159F /* CPTTheme.h */ = {isa = PBXFileReference; fileEncoding = 4; lastKnownFileType = sourcecode.c.h; path = CPTTheme.h; sourceTree = "<group>"; };
		2F8EDBAB19A7E004006D159F /* CPTTimeFormatter.h */ = {isa = PBXFileReference; fileEncoding = 4; lastKnownFileType = sourcecode.c.h; path = CPTTimeFormatter.h; sourceTree = "<group>"; };
		2F8EDBAC19A7E004006D159F /* CPTTradingRangePlot.h */ = {isa = PBXFileReference; fileEncoding = 4; lastKnownFileType = sourcecode.c.h; path = CPTTradingRangePlot.h; sourceTree = "<group>"; };
		2F8EDBAD19A7E004006D159F /* CPTUtilities.h */ = {isa = PBXFileReference; fileEncoding = 4; lastKnownFileType = sourcecode.c.h; path = CPTUtilities.h; sourceTree = "<group>"; };
		2F8EDBAE19A7E004006D159F /* CPTXYAxis.h */ = {isa = PBXFileReference; fileEncoding = 4; lastKnownFileType = sourcecode.c.h; path = CPTXYAxis.h; sourceTree = "<group>"; };
		2F8EDBAF19A7E004006D159F /* CPTXYAxisSet.h */ = {isa = PBXFileReference; fileEncoding = 4; lastKnownFileType = sourcecode.c.h; path = CPTXYAxisSet.h; sourceTree = "<group>"; };
		2F8EDBB019A7E004006D159F /* CPTXYGraph.h */ = {isa = PBXFileReference; fileEncoding = 4; lastKnownFileType = sourcecode.c.h; path = CPTXYGraph.h; sourceTree = "<group>"; };
		2F8EDBB119A7E004006D159F /* CPTXYPlotSpace.h */ = {isa = PBXFileReference; fileEncoding = 4; lastKnownFileType = sourcecode.c.h; path = CPTXYPlotSpace.h; sourceTree = "<group>"; };
		2F8EDBB219A7E004006D159F /* mainpage.h */ = {isa = PBXFileReference; fileEncoding = 4; lastKnownFileType = sourcecode.c.h; path = mainpage.h; sourceTree = "<group>"; };
		2F8EDBB319A7E004006D159F /* NSCoderExtensions.h */ = {isa = PBXFileReference; fileEncoding = 4; lastKnownFileType = sourcecode.c.h; path = NSCoderExtensions.h; sourceTree = "<group>"; };
		2F8EDBB419A7E004006D159F /* NSDecimalNumberExtensions.h */ = {isa = PBXFileReference; fileEncoding = 4; lastKnownFileType = sourcecode.c.h; path = NSDecimalNumberExtensions.h; sourceTree = "<group>"; };
		2F8EDBB519A7E004006D159F /* NSNumberExtensions.h */ = {isa = PBXFileReference; fileEncoding = 4; lastKnownFileType = sourcecode.c.h; path = NSNumberExtensions.h; sourceTree = "<group>"; };
		2F8EDBB619A7E004006D159F /* libCorePlot-CocoaTouch.a */ = {isa = PBXFileReference; lastKnownFileType = archive.ar; path = "libCorePlot-CocoaTouch.a"; sourceTree = "<group>"; };
		2F9054A819AFC47C0055CFCC /* Social.framework */ = {isa = PBXFileReference; lastKnownFileType = wrapper.framework; name = Social.framework; path = System/Library/Frameworks/Social.framework; sourceTree = SDKROOT; };
		2F9054AA19AFC7250055CFCC /* UIView+ImageFromView.h */ = {isa = PBXFileReference; fileEncoding = 4; lastKnownFileType = sourcecode.c.h; path = "UIView+ImageFromView.h"; sourceTree = "<group>"; };
		2F9054AB19AFC7250055CFCC /* UIView+ImageFromView.m */ = {isa = PBXFileReference; fileEncoding = 4; lastKnownFileType = sourcecode.c.objc; path = "UIView+ImageFromView.m"; sourceTree = "<group>"; };
		2F99E77719B0BD0F00CCBA77 /* elect___.ttf */ = {isa = PBXFileReference; lastKnownFileType = file; path = "elect___.ttf"; sourceTree = "<group>"; };
		2FB6FA2B19AB9B8900D3736E /* AKWebServiceConsumer.h */ = {isa = PBXFileReference; fileEncoding = 4; lastKnownFileType = sourcecode.c.h; path = AKWebServiceConsumer.h; sourceTree = "<group>"; };
		2FB6FA2C19AB9B8900D3736E /* AKWebServiceConsumer.m */ = {isa = PBXFileReference; fileEncoding = 4; lastKnownFileType = sourcecode.c.objc; path = AKWebServiceConsumer.m; sourceTree = "<group>"; };
		2FB6FA4119AD019800D3736E /* MBProgressHUD.h */ = {isa = PBXFileReference; fileEncoding = 4; lastKnownFileType = sourcecode.c.h; path = MBProgressHUD.h; sourceTree = "<group>"; };
		2FB6FA4219AD019800D3736E /* MBProgressHUD.m */ = {isa = PBXFileReference; fileEncoding = 4; lastKnownFileType = sourcecode.c.objc; path = MBProgressHUD.m; sourceTree = "<group>"; };
		2FB6FA4A19AD2A3000D3736E /* AKQuota.h */ = {isa = PBXFileReference; fileEncoding = 4; lastKnownFileType = sourcecode.c.h; path = AKQuota.h; sourceTree = "<group>"; };
		2FB6FA4B19AD2A3000D3736E /* AKQuota.m */ = {isa = PBXFileReference; fileEncoding = 4; lastKnownFileType = sourcecode.c.objc; path = AKQuota.m; sourceTree = "<group>"; };
		2FB6FA4D19AD405700D3736E /* pumagaffer.ttf */ = {isa = PBXFileReference; lastKnownFileType = file; path = pumagaffer.ttf; sourceTree = "<group>"; };
		2FB6FA4F19AD40DB00D3736E /* UIFont+SystemFontOverride.h */ = {isa = PBXFileReference; fileEncoding = 4; lastKnownFileType = sourcecode.c.h; path = "UIFont+SystemFontOverride.h"; sourceTree = "<group>"; };
		2FB6FA5019AD40DB00D3736E /* UIFont+SystemFontOverride.m */ = {isa = PBXFileReference; fileEncoding = 4; lastKnownFileType = sourcecode.c.objc; path = "UIFont+SystemFontOverride.m"; sourceTree = "<group>"; };
		2FC2C820199C2311008FEF40 /* AKSettingsManager.h */ = {isa = PBXFileReference; fileEncoding = 4; lastKnownFileType = sourcecode.c.h; path = AKSettingsManager.h; sourceTree = "<group>"; };
		2FC2C821199C2311008FEF40 /* AKSettingsManager.m */ = {isa = PBXFileReference; fileEncoding = 4; lastKnownFileType = sourcecode.c.objc; path = AKSettingsManager.m; sourceTree = "<group>"; };
		2FC5105719A4E35B0036269F /* AKFilterOptionsView.h */ = {isa = PBXFileReference; fileEncoding = 4; lastKnownFileType = sourcecode.c.h; path = AKFilterOptionsView.h; sourceTree = "<group>"; };
		2FC5105819A4E35B0036269F /* AKFilterOptionsView.m */ = {isa = PBXFileReference; fileEncoding = 4; lastKnownFileType = sourcecode.c.objc; path = AKFilterOptionsView.m; sourceTree = "<group>"; };
		2FC5105A19A4F83E0036269F /* AKFilterOptionsUpperTriangleView.h */ = {isa = PBXFileReference; fileEncoding = 4; lastKnownFileType = sourcecode.c.h; path = AKFilterOptionsUpperTriangleView.h; sourceTree = "<group>"; };
		2FC5105B19A4F83E0036269F /* AKFilterOptionsUpperTriangleView.m */ = {isa = PBXFileReference; fileEncoding = 4; lastKnownFileType = sourcecode.c.objc; path = AKFilterOptionsUpperTriangleView.m; sourceTree = "<group>"; };
		2FCEDE3E1993EBA0003522E8 /* AKMainListViewController.h */ = {isa = PBXFileReference; fileEncoding = 4; lastKnownFileType = sourcecode.c.h; path = AKMainListViewController.h; sourceTree = "<group>"; };
		2FCEDE3F1993EBA0003522E8 /* AKMainListViewController.m */ = {isa = PBXFileReference; fileEncoding = 4; lastKnownFileType = sourcecode.c.objc; path = AKMainListViewController.m; sourceTree = "<group>"; };
		2FCEDE441993F106003522E8 /* AKToolBar.h */ = {isa = PBXFileReference; fileEncoding = 4; lastKnownFileType = sourcecode.c.h; path = AKToolBar.h; sourceTree = "<group>"; };
		2FCEDE451993F106003522E8 /* AKToolBar.m */ = {isa = PBXFileReference; fileEncoding = 4; lastKnownFileType = sourcecode.c.objc; path = AKToolBar.m; sourceTree = "<group>"; };
		2FCEDE491993F1B7003522E8 /* AKToolBar.xib */ = {isa = PBXFileReference; fileEncoding = 4; lastKnownFileType = file.xib; path = AKToolBar.xib; sourceTree = "<group>"; };
		2FCEDE4F1994016F003522E8 /* AKUtil.h */ = {isa = PBXFileReference; fileEncoding = 4; lastKnownFileType = sourcecode.c.h; name = AKUtil.h; path = ../AKUtil.h; sourceTree = "<group>"; };
		2FCEDE501994016F003522E8 /* AKUtil.m */ = {isa = PBXFileReference; fileEncoding = 4; lastKnownFileType = sourcecode.c.objc; name = AKUtil.m; path = ../AKUtil.m; sourceTree = "<group>"; };
		2FD83752199D4CCE00517D34 /* akan_settings.plist */ = {isa = PBXFileReference; lastKnownFileType = file.bplist; path = akan_settings.plist; sourceTree = "<group>"; };
		8E00170C19A51E7A00CB0351 /* AKLandscapeDetailViewController.xib */ = {isa = PBXFileReference; fileEncoding = 4; lastKnownFileType = file.xib; path = AKLandscapeDetailViewController.xib; sourceTree = "<group>"; };
		8E00F2F119954B430030A52F /* AKParliamentaryDao.h */ = {isa = PBXFileReference; fileEncoding = 4; lastKnownFileType = sourcecode.c.h; path = AKParliamentaryDao.h; sourceTree = "<group>"; };
		8E00F2F219954B430030A52F /* AKParliamentaryDao.m */ = {isa = PBXFileReference; fileEncoding = 4; lastKnownFileType = sourcecode.c.objc; path = AKParliamentaryDao.m; sourceTree = "<group>"; };
		8E00F2F5199551850030A52F /* AKQuotaCollectionViewCell.h */ = {isa = PBXFileReference; fileEncoding = 4; lastKnownFileType = sourcecode.c.h; name = AKQuotaCollectionViewCell.h; path = AKANiOS/AKQuotaCollectionViewCell.h; sourceTree = "<group>"; };
		8E00F2F6199551850030A52F /* AKQuotaCollectionViewCell.m */ = {isa = PBXFileReference; fileEncoding = 4; lastKnownFileType = sourcecode.c.objc; name = AKQuotaCollectionViewCell.m; path = AKANiOS/AKQuotaCollectionViewCell.m; sourceTree = "<group>"; };
		8E00F2F7199551850030A52F /* AKQuotaCollectionViewCell.xib */ = {isa = PBXFileReference; fileEncoding = 4; lastKnownFileType = file.xib; name = AKQuotaCollectionViewCell.xib; path = AKANiOS/AKQuotaCollectionViewCell.xib; sourceTree = "<group>"; };
		8E00F301199559F00030A52F /* AKInfoViewController.h */ = {isa = PBXFileReference; fileEncoding = 4; lastKnownFileType = sourcecode.c.h; path = AKInfoViewController.h; sourceTree = "<group>"; };
		8E00F302199559F00030A52F /* AKInfoViewController.m */ = {isa = PBXFileReference; fileEncoding = 4; lastKnownFileType = sourcecode.c.objc; path = AKInfoViewController.m; sourceTree = "<group>"; };
		8E00F303199559F00030A52F /* AKInfoViewController.xib */ = {isa = PBXFileReference; fileEncoding = 4; lastKnownFileType = file.xib; path = AKInfoViewController.xib; sourceTree = "<group>"; };
		8E00F30619955CD20030A52F /* AKQuotaDao.h */ = {isa = PBXFileReference; fileEncoding = 4; lastKnownFileType = sourcecode.c.h; path = AKQuotaDao.h; sourceTree = "<group>"; };
		8E00F30719955CD20030A52F /* AKQuotaDao.m */ = {isa = PBXFileReference; fileEncoding = 4; lastKnownFileType = sourcecode.c.objc; path = AKQuotaDao.m; sourceTree = "<group>"; };
		8E14E1DD199BEFBC00D77CF6 /* AKConfigViewController.h */ = {isa = PBXFileReference; fileEncoding = 4; lastKnownFileType = sourcecode.c.h; path = AKConfigViewController.h; sourceTree = "<group>"; };
		8E14E1DE199BEFBC00D77CF6 /* AKConfigViewController.m */ = {isa = PBXFileReference; fileEncoding = 4; lastKnownFileType = sourcecode.c.objc; path = AKConfigViewController.m; sourceTree = "<group>"; };
		8E14E1DF199BEFBC00D77CF6 /* AKConfigViewController.xib */ = {isa = PBXFileReference; fileEncoding = 4; lastKnownFileType = file.xib; path = AKConfigViewController.xib; sourceTree = "<group>"; };
		8E4A197119AE5BEE00CCDF82 /* AKStatisticDao.h */ = {isa = PBXFileReference; fileEncoding = 4; lastKnownFileType = sourcecode.c.h; path = AKStatisticDao.h; sourceTree = "<group>"; };
		8E4A197219AE5BEE00CCDF82 /* AKStatisticDao.m */ = {isa = PBXFileReference; fileEncoding = 4; lastKnownFileType = sourcecode.c.objc; path = AKStatisticDao.m; sourceTree = "<group>"; };
		8E4A197419AE5CF500CCDF82 /* AKStatistic.h */ = {isa = PBXFileReference; fileEncoding = 4; lastKnownFileType = sourcecode.c.h; path = AKStatistic.h; sourceTree = "<group>"; };
		8E4A197519AE5CF500CCDF82 /* AKStatistic.m */ = {isa = PBXFileReference; fileEncoding = 4; lastKnownFileType = sourcecode.c.objc; path = AKStatistic.m; sourceTree = "<group>"; };
		8EAFA8371986C44F00E58AD9 /* AKAN.app */ = {isa = PBXFileReference; explicitFileType = wrapper.application; includeInIndex = 0; path = AKAN.app; sourceTree = BUILT_PRODUCTS_DIR; };
		8EAFA83A1986C44F00E58AD9 /* Foundation.framework */ = {isa = PBXFileReference; lastKnownFileType = wrapper.framework; name = Foundation.framework; path = System/Library/Frameworks/Foundation.framework; sourceTree = SDKROOT; };
		8EAFA83C1986C44F00E58AD9 /* CoreGraphics.framework */ = {isa = PBXFileReference; lastKnownFileType = wrapper.framework; name = CoreGraphics.framework; path = System/Library/Frameworks/CoreGraphics.framework; sourceTree = SDKROOT; };
		8EAFA83E1986C44F00E58AD9 /* UIKit.framework */ = {isa = PBXFileReference; lastKnownFileType = wrapper.framework; name = UIKit.framework; path = System/Library/Frameworks/UIKit.framework; sourceTree = SDKROOT; };
		8EAFA8401986C44F00E58AD9 /* CoreData.framework */ = {isa = PBXFileReference; lastKnownFileType = wrapper.framework; name = CoreData.framework; path = System/Library/Frameworks/CoreData.framework; sourceTree = SDKROOT; };
		8EAFA8441986C44F00E58AD9 /* AKAN-Info.plist */ = {isa = PBXFileReference; lastKnownFileType = text.plist.xml; path = "AKAN-Info.plist"; sourceTree = "<group>"; };
		8EAFA8461986C44F00E58AD9 /* en */ = {isa = PBXFileReference; lastKnownFileType = text.plist.strings; name = en; path = en.lproj/InfoPlist.strings; sourceTree = "<group>"; };
		8EAFA8481986C44F00E58AD9 /* main.m */ = {isa = PBXFileReference; lastKnownFileType = sourcecode.c.objc; path = main.m; sourceTree = "<group>"; };
		8EAFA84A1986C44F00E58AD9 /* AKAN-Prefix.pch */ = {isa = PBXFileReference; lastKnownFileType = sourcecode.c.h; path = "AKAN-Prefix.pch"; sourceTree = "<group>"; };
		8EAFA84B1986C44F00E58AD9 /* AKAppDelegate.h */ = {isa = PBXFileReference; lastKnownFileType = sourcecode.c.h; path = AKAppDelegate.h; sourceTree = "<group>"; };
		8EAFA84C1986C44F00E58AD9 /* AKAppDelegate.m */ = {isa = PBXFileReference; lastKnownFileType = sourcecode.c.objc; path = AKAppDelegate.m; sourceTree = "<group>"; };
		8EAFA84F1986C44F00E58AD9 /* AKANiOS.xcdatamodel */ = {isa = PBXFileReference; lastKnownFileType = wrapper.xcdatamodel; path = AKANiOS.xcdatamodel; sourceTree = "<group>"; };
		8EAFA8511986C44F00E58AD9 /* Images.xcassets */ = {isa = PBXFileReference; lastKnownFileType = folder.assetcatalog; path = Images.xcassets; sourceTree = "<group>"; };
		8EAFA8571986C44F00E58AD9 /* AKANTests.xctest */ = {isa = PBXFileReference; explicitFileType = wrapper.cfbundle; includeInIndex = 0; path = AKANTests.xctest; sourceTree = BUILT_PRODUCTS_DIR; };
		8EAFA8581986C44F00E58AD9 /* XCTest.framework */ = {isa = PBXFileReference; lastKnownFileType = wrapper.framework; name = XCTest.framework; path = Library/Frameworks/XCTest.framework; sourceTree = DEVELOPER_DIR; };
		8EAFA8611986C44F00E58AD9 /* AKANTests-Info.plist */ = {isa = PBXFileReference; lastKnownFileType = text.plist.xml; path = "AKANTests-Info.plist"; sourceTree = "<group>"; };
		8EAFA8631986C44F00E58AD9 /* en */ = {isa = PBXFileReference; lastKnownFileType = text.plist.strings; name = en; path = en.lproj/InfoPlist.strings; sourceTree = "<group>"; };
		8EAFA8651986C44F00E58AD9 /* AKANiOSTests.m */ = {isa = PBXFileReference; lastKnownFileType = sourcecode.c.objc; path = AKANiOSTests.m; sourceTree = "<group>"; };
		8EF43B8D19AD16CF00089B04 /* AKCurvedScatterPlot.h */ = {isa = PBXFileReference; fileEncoding = 4; lastKnownFileType = sourcecode.c.h; path = AKCurvedScatterPlot.h; sourceTree = "<group>"; };
		8EF43B8E19AD16CF00089B04 /* AKCurvedScatterPlot.m */ = {isa = PBXFileReference; fileEncoding = 4; lastKnownFileType = sourcecode.c.objc; path = AKCurvedScatterPlot.m; sourceTree = "<group>"; };
		E9851B9A198F2EF600A2280B /* AKMainTableViewCell.h */ = {isa = PBXFileReference; fileEncoding = 4; lastKnownFileType = sourcecode.c.h; path = AKMainTableViewCell.h; sourceTree = "<group>"; };
		E9851B9B198F2EF600A2280B /* AKMainTableViewCell.m */ = {isa = PBXFileReference; fileEncoding = 4; lastKnownFileType = sourcecode.c.objc; path = AKMainTableViewCell.m; sourceTree = "<group>"; };
		E9851B9C198F2EF600A2280B /* AKMainTableViewCell.xib */ = {isa = PBXFileReference; fileEncoding = 4; lastKnownFileType = file.xib; path = AKMainTableViewCell.xib; sourceTree = "<group>"; };
		E99D1E891990120600564688 /* AKDetailViewController.h */ = {isa = PBXFileReference; fileEncoding = 4; lastKnownFileType = sourcecode.c.h; path = AKDetailViewController.h; sourceTree = "<group>"; };
		E99D1E8A1990120600564688 /* AKDetailViewController.m */ = {isa = PBXFileReference; fileEncoding = 4; lastKnownFileType = sourcecode.c.objc; path = AKDetailViewController.m; sourceTree = "<group>"; };
		E99D1E8B1990120600564688 /* AKPortraitDetailViewController.xib */ = {isa = PBXFileReference; fileEncoding = 4; lastKnownFileType = file.xib; path = AKPortraitDetailViewController.xib; sourceTree = "<group>"; };
/* End PBXFileReference section */

/* Begin PBXFrameworksBuildPhase section */
		8EAFA8341986C44F00E58AD9 /* Frameworks */ = {
			isa = PBXFrameworksBuildPhase;
			buildActionMask = 2147483647;
			files = (
				2F9054A919AFC47C0055CFCC /* Social.framework in Frameworks */,
				2F0F879219AD848C00F1B81A /* SystemConfiguration.framework in Frameworks */,
				8EAFA83D1986C44F00E58AD9 /* CoreGraphics.framework in Frameworks */,
				8EAFA8411986C44F00E58AD9 /* CoreData.framework in Frameworks */,
				8EAFA83F1986C44F00E58AD9 /* UIKit.framework in Frameworks */,
				8EAFA83B1986C44F00E58AD9 /* Foundation.framework in Frameworks */,
				2F8EDB0019A7B7D4006D159F /* QuartzCore.framework in Frameworks */,
				2F8EDBB719A7E004006D159F /* libCorePlot-CocoaTouch.a in Frameworks */,
			);
			runOnlyForDeploymentPostprocessing = 0;
		};
		8EAFA8541986C44F00E58AD9 /* Frameworks */ = {
			isa = PBXFrameworksBuildPhase;
			buildActionMask = 2147483647;
			files = (
				8EAFA8591986C44F00E58AD9 /* XCTest.framework in Frameworks */,
				8EAFA85C1986C44F00E58AD9 /* CoreData.framework in Frameworks */,
				8EAFA85B1986C44F00E58AD9 /* UIKit.framework in Frameworks */,
				8EAFA85A1986C44F00E58AD9 /* Foundation.framework in Frameworks */,
			);
			runOnlyForDeploymentPostprocessing = 0;
		};
/* End PBXFrameworksBuildPhase section */

/* Begin PBXGroup section */
		2F0F878D19AD841B00F1B81A /* Reachability */ = {
			isa = PBXGroup;
			children = (
				2F0F878E19AD841B00F1B81A /* Reachability.h */,
				2F0F878F19AD841B00F1B81A /* Reachability.m */,
			);
			path = Reachability;
			sourceTree = "<group>";
		};
		2F8A67E619B69140008EDABE /* pt-mono */ = {
			isa = PBXGroup;
			children = (
				2F8A67F119B692AC008EDABE /* pt-mono-bold.ttf */,
				2F8A67E719B69140008EDABE /* PTM55FT.ttf */,
				2F8A67E819B69140008EDABE /* SIL Open Font License.txt */,
			);
			path = "pt-mono";
			sourceTree = "<group>";
		};
		2F8EDAAB19A7B6A9006D159F /* CorePlotLibrary */ = {
			isa = PBXGroup;
			children = (
				2F8EDB6719A7E004006D159F /* CorePlotHeaders */,
				2F8EDBB619A7E004006D159F /* libCorePlot-CocoaTouch.a */,
			);
			name = CorePlotLibrary;
			sourceTree = "<group>";
		};
		2F8EDB0819A7BB5B006D159F /* QuotaDetail */ = {
			isa = PBXGroup;
			children = (
				8E3788A819ACFE160007C30E /* corePlot */,
				2F8EDB0919A7BB87006D159F /* AKQuotaDetailViewController.h */,
				2F8EDB0A19A7BB87006D159F /* AKQuotaDetailViewController.m */,
				2F8EDB0B19A7BB87006D159F /* AKQuotaDetailViewController.xib */,
			);
			name = QuotaDetail;
			sourceTree = "<group>";
		};
		2F8EDB6719A7E004006D159F /* CorePlotHeaders */ = {
			isa = PBXGroup;
			children = (
				2F8EDB6819A7E004006D159F /* CorePlot-CocoaTouch.h */,
				2F8EDB6919A7E004006D159F /* CPTAnimation.h */,
				2F8EDB6A19A7E004006D159F /* CPTAnimationOperation.h */,
				2F8EDB6B19A7E004006D159F /* CPTAnimationPeriod.h */,
				2F8EDB6C19A7E004006D159F /* CPTAnnotation.h */,
				2F8EDB6D19A7E004006D159F /* CPTAnnotationHostLayer.h */,
				2F8EDB6E19A7E004006D159F /* CPTAxis.h */,
				2F8EDB6F19A7E004006D159F /* CPTAxisLabel.h */,
				2F8EDB7019A7E004006D159F /* CPTAxisLabelGroup.h */,
				2F8EDB7119A7E004006D159F /* CPTAxisSet.h */,
				2F8EDB7219A7E004006D159F /* CPTAxisTitle.h */,
				2F8EDB7319A7E004006D159F /* CPTBarPlot.h */,
				2F8EDB7419A7E004006D159F /* CPTBorderedLayer.h */,
				2F8EDB7519A7E004006D159F /* CPTCalendarFormatter.h */,
				2F8EDB7619A7E004006D159F /* CPTColor.h */,
				2F8EDB7719A7E004006D159F /* CPTColorSpace.h */,
				2F8EDB7819A7E004006D159F /* CPTConstraints.h */,
				2F8EDB7919A7E004006D159F /* CPTDataSourceTestCase.h */,
				2F8EDB7A19A7E004006D159F /* CPTDefinitions.h */,
				2F8EDB7B19A7E004006D159F /* CPTDerivedXYGraph.h */,
				2F8EDB7C19A7E004006D159F /* CPTExceptions.h */,
				2F8EDB7D19A7E004006D159F /* CPTFill.h */,
				2F8EDB7E19A7E004006D159F /* CPTFunctionDataSource.h */,
				2F8EDB7F19A7E004006D159F /* CPTGradient.h */,
				2F8EDB8019A7E004006D159F /* CPTGraph.h */,
				2F8EDB8119A7E004006D159F /* CPTGraphHostingView.h */,
				2F8EDB8219A7E004006D159F /* CPTGridLineGroup.h */,
				2F8EDB8319A7E004006D159F /* CPTGridLines.h */,
				2F8EDB8419A7E004006D159F /* CPTImage.h */,
				2F8EDB8519A7E004006D159F /* CPTLayer.h */,
				2F8EDB8619A7E004006D159F /* CPTLayerAnnotation.h */,
				2F8EDB8719A7E004006D159F /* CPTLegend.h */,
				2F8EDB8819A7E004006D159F /* CPTLegendEntry.h */,
				2F8EDB8919A7E004006D159F /* CPTLimitBand.h */,
				2F8EDB8A19A7E004006D159F /* CPTLineCap.h */,
				2F8EDB8B19A7E004006D159F /* CPTLineStyle.h */,
				2F8EDB8C19A7E004006D159F /* CPTMutableLineStyle.h */,
				2F8EDB8D19A7E004006D159F /* CPTMutableNumericData+TypeConversion.h */,
				2F8EDB8E19A7E004006D159F /* CPTMutableNumericData.h */,
				2F8EDB8F19A7E004006D159F /* CPTMutablePlotRange.h */,
				2F8EDB9019A7E004006D159F /* CPTMutableShadow.h */,
				2F8EDB9119A7E004006D159F /* CPTMutableTextStyle.h */,
				2F8EDB9219A7E004006D159F /* CPTNumericData+TypeConversion.h */,
				2F8EDB9319A7E004006D159F /* CPTNumericData.h */,
				2F8EDB9419A7E004006D159F /* CPTNumericDataType.h */,
				2F8EDB9519A7E004006D159F /* CPTPathExtensions.h */,
				2F8EDB9619A7E004006D159F /* CPTPieChart.h */,
				2F8EDB9719A7E004006D159F /* CPTPlatformSpecificCategories.h */,
				2F8EDB9819A7E004006D159F /* CPTPlatformSpecificDefines.h */,
				2F8EDB9919A7E004006D159F /* CPTPlatformSpecificFunctions.h */,
				2F8EDB9A19A7E004006D159F /* CPTPlot.h */,
				2F8EDB9B19A7E004006D159F /* CPTPlotArea.h */,
				2F8EDB9C19A7E004006D159F /* CPTPlotAreaFrame.h */,
				2F8EDB9D19A7E004006D159F /* CPTPlotGroup.h */,
				2F8EDB9E19A7E004006D159F /* CPTPlotRange.h */,
				2F8EDB9F19A7E004006D159F /* CPTPlotSpace.h */,
				2F8EDBA019A7E004006D159F /* CPTPlotSpaceAnnotation.h */,
				2F8EDBA119A7E004006D159F /* CPTPlotSymbol.h */,
				2F8EDBA219A7E004006D159F /* CPTRangePlot.h */,
				2F8EDBA319A7E004006D159F /* CPTResponder.h */,
				2F8EDBA419A7E004006D159F /* CPTScatterPlot.h */,
				2F8EDBA519A7E004006D159F /* CPTShadow.h */,
				2F8EDBA619A7E004006D159F /* CPTTestCase.h */,
				2F8EDBA719A7E004006D159F /* CPTTextLayer.h */,
				2F8EDBA819A7E004006D159F /* CPTTextStyle.h */,
				2F8EDBA919A7E004006D159F /* CPTTextStylePlatformSpecific.h */,
				2F8EDBAA19A7E004006D159F /* CPTTheme.h */,
				2F8EDBAB19A7E004006D159F /* CPTTimeFormatter.h */,
				2F8EDBAC19A7E004006D159F /* CPTTradingRangePlot.h */,
				2F8EDBAD19A7E004006D159F /* CPTUtilities.h */,
				2F8EDBAE19A7E004006D159F /* CPTXYAxis.h */,
				2F8EDBAF19A7E004006D159F /* CPTXYAxisSet.h */,
				2F8EDBB019A7E004006D159F /* CPTXYGraph.h */,
				2F8EDBB119A7E004006D159F /* CPTXYPlotSpace.h */,
				2F8EDBB219A7E004006D159F /* mainpage.h */,
				2F8EDBB319A7E004006D159F /* NSCoderExtensions.h */,
				2F8EDBB419A7E004006D159F /* NSDecimalNumberExtensions.h */,
				2F8EDBB519A7E004006D159F /* NSNumberExtensions.h */,
			);
			path = CorePlotHeaders;
			sourceTree = "<group>";
		};
		2FB6FA2A19AB9B5B00D3736E /* WebService */ = {
			isa = PBXGroup;
			children = (
				2FB6FA2B19AB9B8900D3736E /* AKWebServiceConsumer.h */,
				2FB6FA2C19AB9B8900D3736E /* AKWebServiceConsumer.m */,
			);
			name = WebService;
			sourceTree = "<group>";
		};
		2FB6FA4019AD019700D3736E /* MBProgressHUD */ = {
			isa = PBXGroup;
			children = (
				2FB6FA4119AD019800D3736E /* MBProgressHUD.h */,
				2FB6FA4219AD019800D3736E /* MBProgressHUD.m */,
			);
			path = MBProgressHUD;
			sourceTree = "<group>";
		};
		2FC2C81F199C22CC008FEF40 /* SettingsManager */ = {
			isa = PBXGroup;
			children = (
				2FC2C820199C2311008FEF40 /* AKSettingsManager.h */,
				2FC2C821199C2311008FEF40 /* AKSettingsManager.m */,
			);
			name = SettingsManager;
			sourceTree = "<group>";
		};
		2FCEDE431993F0C8003522E8 /* Toolbar */ = {
			isa = PBXGroup;
			children = (
				2FCEDE441993F106003522E8 /* AKToolBar.h */,
				2FCEDE451993F106003522E8 /* AKToolBar.m */,
				2FCEDE491993F1B7003522E8 /* AKToolBar.xib */,
			);
			name = Toolbar;
			sourceTree = "<group>";
		};
		2FCEDE4B1994012C003522E8 /* Util */ = {
			isa = PBXGroup;
			children = (
				2F8A67F319B694C0008EDABE /* UIFont+IBCustomFonts.m */,
				2FCEDE4F1994016F003522E8 /* AKUtil.h */,
				2FCEDE501994016F003522E8 /* AKUtil.m */,
				2FB6FA4F19AD40DB00D3736E /* UIFont+SystemFontOverride.h */,
				2FB6FA5019AD40DB00D3736E /* UIFont+SystemFontOverride.m */,
				2F9054AA19AFC7250055CFCC /* UIView+ImageFromView.h */,
				2F9054AB19AFC7250055CFCC /* UIView+ImageFromView.m */,
				2F1DC4DD19BF42710064D32F /* UIWindow+VisibleVIewController.h */,
				2F1DC4DE19BF42710064D32F /* UIWindow+VisibleVIewController.m */,
			);
			name = Util;
			sourceTree = "<group>";
		};
		8E00F2F419954C390030A52F /* DAO */ = {
			isa = PBXGroup;
			children = (
				8E00F2F119954B430030A52F /* AKParliamentaryDao.h */,
				8E00F2F219954B430030A52F /* AKParliamentaryDao.m */,
				8E00F30619955CD20030A52F /* AKQuotaDao.h */,
				8E00F30719955CD20030A52F /* AKQuotaDao.m */,
				8E4A197119AE5BEE00CCDF82 /* AKStatisticDao.h */,
				8E4A197219AE5BEE00CCDF82 /* AKStatisticDao.m */,
				2F54D0E519BE1A1D00D1F64C /* AKGenericDao.h */,
				2F54D0E619BE1A1D00D1F64C /* AKGenericDao.m */,
			);
			name = DAO;
			sourceTree = "<group>";
		};
		8E00F2FA1995518C0030A52F /* CollectionCell */ = {
			isa = PBXGroup;
			children = (
				8E00F30E19956B910030A52F /* commonCell */,
			);
			name = CollectionCell;
			path = ..;
			sourceTree = "<group>";
		};
		8E00F300199558DA0030A52F /* InfoController */ = {
			isa = PBXGroup;
			children = (
				8E00F301199559F00030A52F /* AKInfoViewController.h */,
				8E00F302199559F00030A52F /* AKInfoViewController.m */,
				8E00F303199559F00030A52F /* AKInfoViewController.xib */,
			);
			name = InfoController;
			sourceTree = "<group>";
		};
		8E00F30E19956B910030A52F /* commonCell */ = {
			isa = PBXGroup;
			children = (
				8E00F2F5199551850030A52F /* AKQuotaCollectionViewCell.h */,
				8E00F2F6199551850030A52F /* AKQuotaCollectionViewCell.m */,
				8E00F2F7199551850030A52F /* AKQuotaCollectionViewCell.xib */,
			);
			name = commonCell;
			sourceTree = "<group>";
		};
		8E14E1E2199BF05700D77CF6 /* configController */ = {
			isa = PBXGroup;
			children = (
				8E14E1DD199BEFBC00D77CF6 /* AKConfigViewController.h */,
				8E14E1DE199BEFBC00D77CF6 /* AKConfigViewController.m */,
				8E14E1DF199BEFBC00D77CF6 /* AKConfigViewController.xib */,
				2F7343C619A5401900FBE2E0 /* AKFilterOptionCollectionViewCell.xib */,
				2F7343C119A532AE00FBE2E0 /* AKFilterOptionCollectionViewCell.h */,
				2F7343C219A532AE00FBE2E0 /* AKFilterOptionCollectionViewCell.m */,
				2FC5105719A4E35B0036269F /* AKFilterOptionsView.h */,
				2FC5105819A4E35B0036269F /* AKFilterOptionsView.m */,
				2FC5105A19A4F83E0036269F /* AKFilterOptionsUpperTriangleView.h */,
				2FC5105B19A4F83E0036269F /* AKFilterOptionsUpperTriangleView.m */,
			);
			name = configController;
			path = ..;
			sourceTree = "<group>";
		};
		8E3788A819ACFE160007C30E /* corePlot */ = {
			isa = PBXGroup;
			children = (
				8EF43B8D19AD16CF00089B04 /* AKCurvedScatterPlot.h */,
				8EF43B8E19AD16CF00089B04 /* AKCurvedScatterPlot.m */,
			);
			name = corePlot;
			sourceTree = "<group>";
		};
		8EAFA82E1986C44F00E58AD9 = {
			isa = PBXGroup;
			children = (
				8EAFA8421986C44F00E58AD9 /* AKANiOS */,
				8EAFA85F1986C44F00E58AD9 /* AKANiOSTests */,
				8EAFA8391986C44F00E58AD9 /* Frameworks */,
				8EAFA8381986C44F00E58AD9 /* Products */,
			);
			sourceTree = "<group>";
		};
		8EAFA8381986C44F00E58AD9 /* Products */ = {
			isa = PBXGroup;
			children = (
				8EAFA8371986C44F00E58AD9 /* AKAN.app */,
				8EAFA8571986C44F00E58AD9 /* AKANTests.xctest */,
			);
			name = Products;
			sourceTree = "<group>";
		};
		8EAFA8391986C44F00E58AD9 /* Frameworks */ = {
			isa = PBXGroup;
			children = (
				2F9054A819AFC47C0055CFCC /* Social.framework */,
				2F0F879119AD848C00F1B81A /* SystemConfiguration.framework */,
				2F8EDAFF19A7B7D4006D159F /* QuartzCore.framework */,
				2F8EDAFD19A7B7BE006D159F /* Accelerate.framework */,
				8EAFA83A1986C44F00E58AD9 /* Foundation.framework */,
				8EAFA83C1986C44F00E58AD9 /* CoreGraphics.framework */,
				8EAFA83E1986C44F00E58AD9 /* UIKit.framework */,
				8EAFA8401986C44F00E58AD9 /* CoreData.framework */,
				8EAFA8581986C44F00E58AD9 /* XCTest.framework */,
			);
			name = Frameworks;
			sourceTree = "<group>";
		};
		8EAFA8421986C44F00E58AD9 /* AKANiOS */ = {
			isa = PBXGroup;
			children = (
				2F0F878D19AD841B00F1B81A /* Reachability */,
				2FB6FA4019AD019700D3736E /* MBProgressHUD */,
				8EAFA84B1986C44F00E58AD9 /* AKAppDelegate.h */,
				8EAFA84C1986C44F00E58AD9 /* AKAppDelegate.m */,
				2FB6FA2A19AB9B5B00D3736E /* WebService */,
				2F8EDAAB19A7B6A9006D159F /* CorePlotLibrary */,
				2FC2C81F199C22CC008FEF40 /* SettingsManager */,
				8E00F2FA1995518C0030A52F /* CollectionCell */,
				2FCEDE4B1994012C003522E8 /* Util */,
				8E14E1E2199BF05700D77CF6 /* configController */,
				2FCEDE431993F0C8003522E8 /* Toolbar */,
				2F8EDB0819A7BB5B006D159F /* QuotaDetail */,
				E99D1E8E1990176400564688 /* Detail */,
				E9851BA0198F397300A2280B /* TableCell */,
				8E00F300199558DA0030A52F /* InfoController */,
				E9851B9F198F396000A2280B /* MainList */,
				E9851BA7198F3A4B00A2280B /* model */,
				8E00F2F419954C390030A52F /* DAO */,
				8EAFA8511986C44F00E58AD9 /* Images.xcassets */,
				8EAFA84E1986C44F00E58AD9 /* AKANiOS.xcdatamodeld */,
				8EAFA8431986C44F00E58AD9 /* Supporting Files */,
			);
			path = AKANiOS;
			sourceTree = "<group>";
		};
		8EAFA8431986C44F00E58AD9 /* Supporting Files */ = {
			isa = PBXGroup;
			children = (
				2FD83752199D4CCE00517D34 /* akan_settings.plist */,
				E9851BAA198F437700A2280B /* fonts */,
				8EAFA8441986C44F00E58AD9 /* AKAN-Info.plist */,
				8EAFA8451986C44F00E58AD9 /* InfoPlist.strings */,
				8EAFA8481986C44F00E58AD9 /* main.m */,
				8EAFA84A1986C44F00E58AD9 /* AKAN-Prefix.pch */,
			);
			name = "Supporting Files";
			sourceTree = "<group>";
		};
		8EAFA85F1986C44F00E58AD9 /* AKANiOSTests */ = {
			isa = PBXGroup;
			children = (
				8EAFA8651986C44F00E58AD9 /* AKANiOSTests.m */,
				8EAFA8601986C44F00E58AD9 /* Supporting Files */,
			);
			path = AKANiOSTests;
			sourceTree = "<group>";
		};
		8EAFA8601986C44F00E58AD9 /* Supporting Files */ = {
			isa = PBXGroup;
			children = (
				8EAFA8611986C44F00E58AD9 /* AKANTests-Info.plist */,
				8EAFA8621986C44F00E58AD9 /* InfoPlist.strings */,
			);
			name = "Supporting Files";
			sourceTree = "<group>";
		};
		E9851B9F198F396000A2280B /* MainList */ = {
			isa = PBXGroup;
			children = (
				2FCEDE3E1993EBA0003522E8 /* AKMainListViewController.h */,
				2FCEDE3F1993EBA0003522E8 /* AKMainListViewController.m */,
				2F7FAFF319993D85006C7A15 /* AKMainListViewController.xib */,
			);
			name = MainList;
			sourceTree = "<group>";
		};
		E9851BA0198F397300A2280B /* TableCell */ = {
			isa = PBXGroup;
			children = (
				E9851B9A198F2EF600A2280B /* AKMainTableViewCell.h */,
				E9851B9B198F2EF600A2280B /* AKMainTableViewCell.m */,
				E9851B9C198F2EF600A2280B /* AKMainTableViewCell.xib */,
			);
			name = TableCell;
			sourceTree = "<group>";
		};
		E9851BA7198F3A4B00A2280B /* model */ = {
			isa = PBXGroup;
			children = (
				2FB6FA4A19AD2A3000D3736E /* AKQuota.h */,
				2FB6FA4B19AD2A3000D3736E /* AKQuota.m */,
				8E4A197419AE5CF500CCDF82 /* AKStatistic.h */,
				8E4A197519AE5CF500CCDF82 /* AKStatistic.m */,
				2F54D0E219BE00C900D1F64C /* AKParliamentary.h */,
				2F54D0E319BE00C900D1F64C /* AKParliamentary.m */,
				2F54D0E819BE3CEA00D1F64C /* NSManagedObject+PerformOnMOCThread.h */,
				2F54D0E919BE3CEA00D1F64C /* NSManagedObject+PerformOnMOCThread.m */,
			);
			name = model;
			path = ..;
			sourceTree = "<group>";
		};
		E9851BAA198F437700A2280B /* fonts */ = {
			isa = PBXGroup;
			children = (
				2F8A67E619B69140008EDABE /* pt-mono */,
				2F99E77719B0BD0F00CCBA77 /* elect___.ttf */,
				2F580CEB19B047EE00605544 /* Levi-Strauss.ttf */,
				2FB6FA4D19AD405700D3736E /* pumagaffer.ttf */,
			);
			name = fonts;
			sourceTree = "<group>";
		};
		E99D1E8E1990176400564688 /* Detail */ = {
			isa = PBXGroup;
			children = (
				E99D1E891990120600564688 /* AKDetailViewController.h */,
				E99D1E8A1990120600564688 /* AKDetailViewController.m */,
				E99D1E8B1990120600564688 /* AKPortraitDetailViewController.xib */,
				8E00170C19A51E7A00CB0351 /* AKLandscapeDetailViewController.xib */,
			);
			name = Detail;
			sourceTree = "<group>";
		};
/* End PBXGroup section */

/* Begin PBXNativeTarget section */
		8EAFA8361986C44F00E58AD9 /* AKAN */ = {
			isa = PBXNativeTarget;
			buildConfigurationList = 8EAFA8691986C44F00E58AD9 /* Build configuration list for PBXNativeTarget "AKAN" */;
			buildPhases = (
				8EAFA8331986C44F00E58AD9 /* Sources */,
				8EAFA8341986C44F00E58AD9 /* Frameworks */,
				8EAFA8351986C44F00E58AD9 /* Resources */,
			);
			buildRules = (
			);
			dependencies = (
			);
			name = AKAN;
			productName = AKANiOS;
			productReference = 8EAFA8371986C44F00E58AD9 /* AKAN.app */;
			productType = "com.apple.product-type.application";
		};
		8EAFA8561986C44F00E58AD9 /* AKANTests */ = {
			isa = PBXNativeTarget;
			buildConfigurationList = 8EAFA86C1986C44F00E58AD9 /* Build configuration list for PBXNativeTarget "AKANTests" */;
			buildPhases = (
				8EAFA8531986C44F00E58AD9 /* Sources */,
				8EAFA8541986C44F00E58AD9 /* Frameworks */,
				8EAFA8551986C44F00E58AD9 /* Resources */,
			);
			buildRules = (
			);
			dependencies = (
				8EAFA85E1986C44F00E58AD9 /* PBXTargetDependency */,
			);
			name = AKANTests;
			productName = AKANiOSTests;
			productReference = 8EAFA8571986C44F00E58AD9 /* AKANTests.xctest */;
			productType = "com.apple.product-type.bundle.unit-test";
		};
/* End PBXNativeTarget section */

/* Begin PBXProject section */
		8EAFA82F1986C44F00E58AD9 /* Project object */ = {
			isa = PBXProject;
			attributes = {
				CLASSPREFIX = AK;
				LastUpgradeCheck = 0510;
				ORGANIZATIONNAME = VisualizeMobile;
				TargetAttributes = {
					8EAFA8361986C44F00E58AD9 = {
						DevelopmentTeam = 7A9D2MJVKJ;
					};
					8EAFA8561986C44F00E58AD9 = {
						TestTargetID = 8EAFA8361986C44F00E58AD9;
					};
				};
			};
			buildConfigurationList = 8EAFA8321986C44F00E58AD9 /* Build configuration list for PBXProject "AKAN" */;
			compatibilityVersion = "Xcode 3.2";
			developmentRegion = English;
			hasScannedForEncodings = 0;
			knownRegions = (
				en,
			);
			mainGroup = 8EAFA82E1986C44F00E58AD9;
			productRefGroup = 8EAFA8381986C44F00E58AD9 /* Products */;
			projectDirPath = "";
			projectRoot = "";
			targets = (
				8EAFA8361986C44F00E58AD9 /* AKAN */,
				8EAFA8561986C44F00E58AD9 /* AKANTests */,
			);
		};
/* End PBXProject section */

/* Begin PBXResourcesBuildPhase section */
		8EAFA8351986C44F00E58AD9 /* Resources */ = {
			isa = PBXResourcesBuildPhase;
			buildActionMask = 2147483647;
			files = (
				8EAFA8471986C44F00E58AD9 /* InfoPlist.strings in Resources */,
				8E00170D19A51E7A00CB0351 /* AKLandscapeDetailViewController.xib in Resources */,
				2F99E77819B0BD0F00CCBA77 /* elect___.ttf in Resources */,
				2F8A67F219B692AC008EDABE /* pt-mono-bold.ttf in Resources */,
				2F8A67EC19B69140008EDABE /* SIL Open Font License.txt in Resources */,
				2F8A67EB19B69140008EDABE /* PTM55FT.ttf in Resources */,
				2FCEDE4A1993F1B7003522E8 /* AKToolBar.xib in Resources */,
				2F7FAFF419993D85006C7A15 /* AKMainListViewController.xib in Resources */,
				8EAFA8521986C44F00E58AD9 /* Images.xcassets in Resources */,
				8E14E1E1199BEFBC00D77CF6 /* AKConfigViewController.xib in Resources */,
				8E00F2F9199551850030A52F /* AKQuotaCollectionViewCell.xib in Resources */,
				2F8EDB0D19A7BB87006D159F /* AKQuotaDetailViewController.xib in Resources */,
				2F580CEC19B047EE00605544 /* Levi-Strauss.ttf in Resources */,
				E99D1E8D1990120600564688 /* AKPortraitDetailViewController.xib in Resources */,
				E9851B9E198F2EF600A2280B /* AKMainTableViewCell.xib in Resources */,
				2FB6FA4E19AD405700D3736E /* pumagaffer.ttf in Resources */,
				2FD83753199D4CCE00517D34 /* akan_settings.plist in Resources */,
				2F7343C719A5401900FBE2E0 /* AKFilterOptionCollectionViewCell.xib in Resources */,
				8E00F305199559F00030A52F /* AKInfoViewController.xib in Resources */,
			);
			runOnlyForDeploymentPostprocessing = 0;
		};
		8EAFA8551986C44F00E58AD9 /* Resources */ = {
			isa = PBXResourcesBuildPhase;
			buildActionMask = 2147483647;
			files = (
				8EAFA8641986C44F00E58AD9 /* InfoPlist.strings in Resources */,
			);
			runOnlyForDeploymentPostprocessing = 0;
		};
/* End PBXResourcesBuildPhase section */

/* Begin PBXSourcesBuildPhase section */
		8EAFA8331986C44F00E58AD9 /* Sources */ = {
			isa = PBXSourcesBuildPhase;
			buildActionMask = 2147483647;
			files = (
				2FC2C822199C2311008FEF40 /* AKSettingsManager.m in Sources */,
				E99D1E8C1990120600564688 /* AKDetailViewController.m in Sources */,
				2FCEDE461993F106003522E8 /* AKToolBar.m in Sources */,
				8E00F2F319954B430030A52F /* AKParliamentaryDao.m in Sources */,
				2F54D0E719BE1A1D00D1F64C /* AKGenericDao.m in Sources */,
				2F0F879019AD841C00F1B81A /* Reachability.m in Sources */,
				2F9054AC19AFC7250055CFCC /* UIView+ImageFromView.m in Sources */,
				8E00F2F8199551850030A52F /* AKQuotaCollectionViewCell.m in Sources */,
				2FC5105919A4E35B0036269F /* AKFilterOptionsView.m in Sources */,
				2FC5105C19A4F83E0036269F /* AKFilterOptionsUpperTriangleView.m in Sources */,
				8E4A197619AE5CF500CCDF82 /* AKStatistic.m in Sources */,
				2FB6FA4C19AD2A3000D3736E /* AKQuota.m in Sources */,
				8EAFA84D1986C44F00E58AD9 /* AKAppDelegate.m in Sources */,
				8EF43B8F19AD16CF00089B04 /* AKCurvedScatterPlot.m in Sources */,
				2F54D0EA19BE3CEA00D1F64C /* NSManagedObject+PerformOnMOCThread.m in Sources */,
				2FCEDE411993EBA0003522E8 /* AKMainListViewController.m in Sources */,
				2FB6FA5119AD40DB00D3736E /* UIFont+SystemFontOverride.m in Sources */,
				2FCEDE511994016F003522E8 /* AKUtil.m in Sources */,
				2F1DC4DF19BF42710064D32F /* UIWindow+VisibleVIewController.m in Sources */,
				2F8A67F419B694C0008EDABE /* UIFont+IBCustomFonts.m in Sources */,
				8EAFA8491986C44F00E58AD9 /* main.m in Sources */,
				8E14E1E0199BEFBC00D77CF6 /* AKConfigViewController.m in Sources */,
				8E00F304199559F00030A52F /* AKInfoViewController.m in Sources */,
				2FB6FA4319AD019800D3736E /* MBProgressHUD.m in Sources */,
				2FB6FA2D19AB9B8900D3736E /* AKWebServiceConsumer.m in Sources */,
				E9851B9D198F2EF600A2280B /* AKMainTableViewCell.m in Sources */,
				8E4A197319AE5BEE00CCDF82 /* AKStatisticDao.m in Sources */,
				8EAFA8501986C44F00E58AD9 /* AKANiOS.xcdatamodeld in Sources */,
				2F8EDB0C19A7BB87006D159F /* AKQuotaDetailViewController.m in Sources */,
				8E00F30819955CD20030A52F /* AKQuotaDao.m in Sources */,
				2F7343C319A532AE00FBE2E0 /* AKFilterOptionCollectionViewCell.m in Sources */,
				2F54D0E419BE00C900D1F64C /* AKParliamentary.m in Sources */,
			);
			runOnlyForDeploymentPostprocessing = 0;
		};
		8EAFA8531986C44F00E58AD9 /* Sources */ = {
			isa = PBXSourcesBuildPhase;
			buildActionMask = 2147483647;
			files = (
				8EAFA8661986C44F00E58AD9 /* AKANiOSTests.m in Sources */,
			);
			runOnlyForDeploymentPostprocessing = 0;
		};
/* End PBXSourcesBuildPhase section */

/* Begin PBXTargetDependency section */
		8EAFA85E1986C44F00E58AD9 /* PBXTargetDependency */ = {
			isa = PBXTargetDependency;
			target = 8EAFA8361986C44F00E58AD9 /* AKAN */;
			targetProxy = 8EAFA85D1986C44F00E58AD9 /* PBXContainerItemProxy */;
		};
/* End PBXTargetDependency section */

/* Begin PBXVariantGroup section */
		8EAFA8451986C44F00E58AD9 /* InfoPlist.strings */ = {
			isa = PBXVariantGroup;
			children = (
				8EAFA8461986C44F00E58AD9 /* en */,
			);
			name = InfoPlist.strings;
			sourceTree = "<group>";
		};
		8EAFA8621986C44F00E58AD9 /* InfoPlist.strings */ = {
			isa = PBXVariantGroup;
			children = (
				8EAFA8631986C44F00E58AD9 /* en */,
			);
			name = InfoPlist.strings;
			sourceTree = "<group>";
		};
/* End PBXVariantGroup section */

/* Begin XCBuildConfiguration section */
		8EAFA8671986C44F00E58AD9 /* Debug */ = {
			isa = XCBuildConfiguration;
			buildSettings = {
				ALWAYS_SEARCH_USER_PATHS = NO;
				CLANG_CXX_LANGUAGE_STANDARD = "gnu++0x";
				CLANG_CXX_LIBRARY = "libc++";
				CLANG_ENABLE_MODULES = YES;
				CLANG_ENABLE_OBJC_ARC = YES;
				CLANG_WARN_BOOL_CONVERSION = YES;
				CLANG_WARN_CONSTANT_CONVERSION = YES;
				CLANG_WARN_DIRECT_OBJC_ISA_USAGE = YES_ERROR;
				CLANG_WARN_EMPTY_BODY = YES;
				CLANG_WARN_ENUM_CONVERSION = YES;
				CLANG_WARN_INT_CONVERSION = YES;
				CLANG_WARN_OBJC_ROOT_CLASS = YES_ERROR;
				CLANG_WARN__DUPLICATE_METHOD_MATCH = YES;
				"CODE_SIGN_IDENTITY[sdk=iphoneos*]" = "iPhone Developer";
				COPY_PHASE_STRIP = NO;
				GCC_C_LANGUAGE_STANDARD = gnu99;
				GCC_DYNAMIC_NO_PIC = NO;
				GCC_OPTIMIZATION_LEVEL = 0;
				GCC_PREPROCESSOR_DEFINITIONS = (
					"DEBUG=1",
					"$(inherited)",
				);
				GCC_SYMBOLS_PRIVATE_EXTERN = NO;
				GCC_WARN_64_TO_32_BIT_CONVERSION = YES;
				GCC_WARN_ABOUT_RETURN_TYPE = YES_ERROR;
				GCC_WARN_UNDECLARED_SELECTOR = YES;
				GCC_WARN_UNINITIALIZED_AUTOS = YES_AGGRESSIVE;
				GCC_WARN_UNUSED_FUNCTION = YES;
				GCC_WARN_UNUSED_VARIABLE = YES;
				IPHONEOS_DEPLOYMENT_TARGET = 7.1;
				ONLY_ACTIVE_ARCH = YES;
				SDKROOT = iphoneos;
			};
			name = Debug;
		};
		8EAFA8681986C44F00E58AD9 /* Release */ = {
			isa = XCBuildConfiguration;
			buildSettings = {
				ALWAYS_SEARCH_USER_PATHS = NO;
				CLANG_CXX_LANGUAGE_STANDARD = "gnu++0x";
				CLANG_CXX_LIBRARY = "libc++";
				CLANG_ENABLE_MODULES = YES;
				CLANG_ENABLE_OBJC_ARC = YES;
				CLANG_WARN_BOOL_CONVERSION = YES;
				CLANG_WARN_CONSTANT_CONVERSION = YES;
				CLANG_WARN_DIRECT_OBJC_ISA_USAGE = YES_ERROR;
				CLANG_WARN_EMPTY_BODY = YES;
				CLANG_WARN_ENUM_CONVERSION = YES;
				CLANG_WARN_INT_CONVERSION = YES;
				CLANG_WARN_OBJC_ROOT_CLASS = YES_ERROR;
				CLANG_WARN__DUPLICATE_METHOD_MATCH = YES;
				"CODE_SIGN_IDENTITY[sdk=iphoneos*]" = "iPhone Developer";
				COPY_PHASE_STRIP = YES;
				ENABLE_NS_ASSERTIONS = NO;
				GCC_C_LANGUAGE_STANDARD = gnu99;
				GCC_WARN_64_TO_32_BIT_CONVERSION = YES;
				GCC_WARN_ABOUT_RETURN_TYPE = YES_ERROR;
				GCC_WARN_UNDECLARED_SELECTOR = YES;
				GCC_WARN_UNINITIALIZED_AUTOS = YES_AGGRESSIVE;
				GCC_WARN_UNUSED_FUNCTION = YES;
				GCC_WARN_UNUSED_VARIABLE = YES;
				IPHONEOS_DEPLOYMENT_TARGET = 7.1;
				SDKROOT = iphoneos;
				VALIDATE_PRODUCT = YES;
			};
			name = Release;
		};
		8EAFA86A1986C44F00E58AD9 /* Debug */ = {
			isa = XCBuildConfiguration;
			buildSettings = {
				ASSETCATALOG_COMPILER_APPICON_NAME = AppIcon;
				ASSETCATALOG_COMPILER_LAUNCHIMAGE_NAME = LaunchImage;
				CODE_SIGN_IDENTITY = "iPhone Developer";
				"CODE_SIGN_IDENTITY[sdk=iphoneos*]" = "iPhone Developer";
				GCC_PRECOMPILE_PREFIX_HEADER = YES;
				GCC_PREFIX_HEADER = "AKANiOS/AKAN-Prefix.pch";
				INFOPLIST_FILE = "AKANiOS/AKAN-Info.plist";
				IPHONEOS_DEPLOYMENT_TARGET = 7.1;
				LIBRARY_SEARCH_PATHS = (
					"$(inherited)",
					"$(PROJECT_DIR)/AKANiOS",
				);
				OTHER_LDFLAGS = (
					"-ObjC",
					"-all_load",
				);
				PRODUCT_NAME = AKAN;
				PROVISIONING_PROFILE = "439cebb4-b05b-4456-8bbd-5c381eb4c921";
				TARGETED_DEVICE_FAMILY = 1;
				WRAPPER_EXTENSION = app;
			};
			name = Debug;
		};
		8EAFA86B1986C44F00E58AD9 /* Release */ = {
			isa = XCBuildConfiguration;
			buildSettings = {
				ASSETCATALOG_COMPILER_APPICON_NAME = AppIcon;
				ASSETCATALOG_COMPILER_LAUNCHIMAGE_NAME = LaunchImage;
				CODE_SIGN_IDENTITY = "iPhone Developer";
				GCC_PRECOMPILE_PREFIX_HEADER = YES;
				GCC_PREFIX_HEADER = "AKANiOS/AKAN-Prefix.pch";
				INFOPLIST_FILE = "AKANiOS/AKAN-Info.plist";
				IPHONEOS_DEPLOYMENT_TARGET = 7.1;
				LIBRARY_SEARCH_PATHS = (
					"$(inherited)",
					"$(PROJECT_DIR)/AKANiOS",
				);
				OTHER_LDFLAGS = (
					"-ObjC",
					"-all_load",
				);
				PRODUCT_NAME = AKAN;
				PROVISIONING_PROFILE = "439cebb4-b05b-4456-8bbd-5c381eb4c921";
				TARGETED_DEVICE_FAMILY = 1;
				WRAPPER_EXTENSION = app;
			};
			name = Release;
		};
		8EAFA86D1986C44F00E58AD9 /* Debug */ = {
			isa = XCBuildConfiguration;
			buildSettings = {
				BUNDLE_LOADER = "$(BUILT_PRODUCTS_DIR)/AKAN.app/AKAN";
				FRAMEWORK_SEARCH_PATHS = (
					"$(SDKROOT)/Developer/Library/Frameworks",
					"$(inherited)",
					"$(DEVELOPER_FRAMEWORKS_DIR)",
				);
				GCC_PRECOMPILE_PREFIX_HEADER = YES;
				GCC_PREFIX_HEADER = "AKANiOS/AKAN-Prefix.pch";
				GCC_PREPROCESSOR_DEFINITIONS = (
					"DEBUG=1",
					"$(inherited)",
				);
				INFOPLIST_FILE = "AKANiOSTests/AKANTests-Info.plist";
				PRODUCT_NAME = AKANTests;
				TEST_HOST = "$(BUNDLE_LOADER)";
				WRAPPER_EXTENSION = xctest;
			};
			name = Debug;
		};
		8EAFA86E1986C44F00E58AD9 /* Release */ = {
			isa = XCBuildConfiguration;
			buildSettings = {
				BUNDLE_LOADER = "$(BUILT_PRODUCTS_DIR)/AKAN.app/AKAN";
				FRAMEWORK_SEARCH_PATHS = (
					"$(SDKROOT)/Developer/Library/Frameworks",
					"$(inherited)",
					"$(DEVELOPER_FRAMEWORKS_DIR)",
				);
				GCC_PRECOMPILE_PREFIX_HEADER = YES;
				GCC_PREFIX_HEADER = "AKANiOS/AKAN-Prefix.pch";
				INFOPLIST_FILE = "AKANiOSTests/AKANTests-Info.plist";
				PRODUCT_NAME = AKANTests;
				TEST_HOST = "$(BUNDLE_LOADER)";
				WRAPPER_EXTENSION = xctest;
			};
			name = Release;
		};
/* End XCBuildConfiguration section */

/* Begin XCConfigurationList section */
		8EAFA8321986C44F00E58AD9 /* Build configuration list for PBXProject "AKAN" */ = {
			isa = XCConfigurationList;
			buildConfigurations = (
				8EAFA8671986C44F00E58AD9 /* Debug */,
				8EAFA8681986C44F00E58AD9 /* Release */,
			);
			defaultConfigurationIsVisible = 0;
			defaultConfigurationName = Release;
		};
		8EAFA8691986C44F00E58AD9 /* Build configuration list for PBXNativeTarget "AKAN" */ = {
			isa = XCConfigurationList;
			buildConfigurations = (
				8EAFA86A1986C44F00E58AD9 /* Debug */,
				8EAFA86B1986C44F00E58AD9 /* Release */,
			);
			defaultConfigurationIsVisible = 0;
			defaultConfigurationName = Release;
		};
		8EAFA86C1986C44F00E58AD9 /* Build configuration list for PBXNativeTarget "AKANTests" */ = {
			isa = XCConfigurationList;
			buildConfigurations = (
				8EAFA86D1986C44F00E58AD9 /* Debug */,
				8EAFA86E1986C44F00E58AD9 /* Release */,
			);
			defaultConfigurationIsVisible = 0;
			defaultConfigurationName = Release;
		};
/* End XCConfigurationList section */

/* Begin XCVersionGroup section */
		8EAFA84E1986C44F00E58AD9 /* AKANiOS.xcdatamodeld */ = {
			isa = XCVersionGroup;
			children = (
				8EAFA84F1986C44F00E58AD9 /* AKANiOS.xcdatamodel */,
			);
			currentVersion = 8EAFA84F1986C44F00E58AD9 /* AKANiOS.xcdatamodel */;
			path = AKANiOS.xcdatamodeld;
			sourceTree = "<group>";
			versionGroupType = wrapper.xcdatamodel;
		};
/* End XCVersionGroup section */
	};
	rootObject = 8EAFA82F1986C44F00E58AD9 /* Project object */;
}
